{
  "name": "smart-note-mp",
  "version": "1.0.0",
  "lockfileVersion": 3,
  "requires": true,
  "packages": {
    "": {
      "name": "smart-note-mp",
      "version": "1.0.0",
      "license": "ISC",
      "dependencies": {
        "dayjs": "^1.11.20",
        "uview-plus": "^3.7.36"
      }
    },
    "node_modules/dayjs": {
      "version": "1.11.20",
      "resolved": "https://registry.npmmirror.com/dayjs/-/dayjs-1.11.20.tgz",
      "integrity": "sha512-YbwwqR/uYpeoP4pu043q+LTDLFBLApUP6VxRihdfNTqu4ubqMlGDLd6ErXhEgsyvY0K6nCs7nggYumAN+9uEuQ==",
      "license": "MIT"
    },
    "node_modules/uview-plus": {
      "version": "3.7.36",
      "resolved": "https://registry.npmmirror.com/uview-plus/-/uview-plus-3.7.36.tgz",
      "integrity": "sha512-44pW0oKKatYxCHhXPljaNv5E+CESSJlhsz0FRZRNpMv1ms02m5Agk+CNpgDnv/XNHt9YxHdYSYerN+xnNP5orw==",
      "engines": {
        "HBuilderX": "^3.1.0",
        "uni-app": "^4.66",
        "uni-app-x": ""
      }
    }
  }
}
